
Microsoft Visual Studio Solution File, Format Version 12.00
# Visual Studio 2012
Project("{E24C65DC-7377-472B-9ABA-BC803B73C61A}") = "Practice_Mueed", "http://localhost:51593", "{13E17AB7-A26F-4906-BD58-BF7833E477FA}"
	ProjectSection(WebsiteProperties) = preProject
		UseIISExpress = "true"
		TargetFrameworkMoniker = ".NETFramework,Version%3Dv4.5"
		Debug.AspNetCompiler.VirtualPath = "/localhost_51593"
		Debug.AspNetCompiler.PhysicalPath = "Practice_Mueed\"
		Debug.AspNetCompiler.TargetPath = "PrecompiledWeb\localhost_51593\"
		Debug.AspNetCompiler.Updateable = "true"
		Debug.AspNetCompiler.ForceOverwrite = "true"
		Debug.AspNetCompiler.FixedNames = "false"
		Debug.AspNetCompiler.Debug = "True"
		Release.AspNetCompiler.VirtualPath = "/localhost_51593"
		Release.AspNetCompiler.PhysicalPath = "Practice_Mueed\"
		Release.AspNetCompiler.TargetPath = "PrecompiledWeb\localhost_51593\"
		Release.AspNetCompiler.Updateable = "true"
		Release.AspNetCompiler.ForceOverwrite = "true"
		Release.AspNetCompiler.FixedNames = "false"
		Release.AspNetCompiler.Debug = "False"
		SlnRelativePath = "Practice_Mueed\"
		DefaultWebSiteLanguage = "Visual C#"
	EndProjectSection
EndProject
Global
	GlobalSection(SolutionConfigurationPlatforms) = preSolution
		Debug|Any CPU = Debug|Any CPU
	EndGlobalSection
	GlobalSection(ProjectConfigurationPlatforms) = postSolution
		{13E17AB7-A26F-4906-BD58-BF7833E477FA}.Debug|Any CPU.ActiveCfg = Debug|Any CPU
		{13E17AB7-A26F-4906-BD58-BF7833E477FA}.Debug|Any CPU.Build.0 = Debug|Any CPU
	EndGlobalSection
	GlobalSection(SolutionProperties) = preSolution
		HideSolutionNode = FALSE
	EndGlobalSection
EndGlobal
